
Microsoft Visual Studio Solution File, Format Version 12.00
# Visual Studio Version 16
VisualStudioVersion = 16.0.30621.155
MinimumVisualStudioVersion = 10.0.40219.1
Project("{FAE04EC0-301F-11D3-BF4B-00C04F79EFBC}") = "AzureAppConfigurationExample", "AzureAppConfigurationExample\AzureAppConfigurationExample.csproj", "{33C71DF0-165F-46BB-AC35-2CCA6FE8544B}"
EndProject
Global
	GlobalSection(SolutionConfigurationPlatforms) = preSolution
		Debug|Any CPU = Debug|Any CPU
		Release|Any CPU = Release|Any CPU
	EndGlobalSection
	GlobalSection(ProjectConfigurationPlatforms) = postSolution
		{33C71DF0-165F-46BB-AC35-2CCA6FE8544B}.Debug|Any CPU.ActiveCfg = Debug|Any CPU
		{33C71DF0-165F-46BB-AC35-2CCA6FE8544B}.Debug|Any CPU.Build.0 = Debug|Any CPU
		{33C71DF0-165F-46BB-AC35-2CCA6FE8544B}.Release|Any CPU.ActiveCfg = Release|Any CPU
		{33C71DF0-165F-46BB-AC35-2CCA6FE8544B}.Release|Any CPU.Build.0 = Release|Any CPU
	EndGlobalSection
	GlobalSection(SolutionProperties) = preSolution
		HideSolutionNode = FALSE
	EndGlobalSection
	GlobalSection(ExtensibilityGlobals) = postSolution
		SolutionGuid = {216B5DBA-687F-478E-B772-AF846F4AE0D7}
	EndGlobalSection
EndGlobal
